%{
  "cors_plug": {:hex, :cors_plug, "3.0.3", "7e08c8a3bb94e7be494dbcd4e1c16bb1540a2c3f3d78e0c1a51e929b12cf0b18", [:mix], [{:plug, "~> 1.13", [hex: :plug, repo: "hexpm", optional: false]}], "hexpm", "5c8e0d007c9c3b6540a3e61d3b5e5a8c9ec3e83de2a2aa4e81ce0a7e5ea43af3"},
  "cowboy": {:hex, :cowboy, "2.10.0", "ff9ffeff91dae4ae270dd975642997afe2a1179d94b1887863e43f681a203e26", [:make, :rebar3], [{:cowlib, "2.12.1", [hex: :cowlib, repo: "hexpm", optional: false]}, {:ranch, "1.8.0", [hex: :ranch, repo: "hexpm", optional: false]}], "hexpm", "3afdccb7183cc6f143cb14d551a0d3e5e01e5e54e6b2862c7a3d7fb5c11ae178"},
  "cowboy_telemetry": {:hex, :cowboy_telemetry, "0.4.0", "f239f68b588efa7707abce16a84d0d2acf3a0f50571f8bb7f56a15865aae820c", [:rebar3], [{:cowboy, "~> 2.7", [hex: :cowboy, repo: "hexpm", optional: false]}, {:telemetry, "~> 1.0", [hex: :telemetry, repo: "hexpm", optional: false]}], "hexpm", "7d98bac1ee4565d31b62d59f8823dfd8356a169e7fcbb83831b8a5397404c9de"},
  "cowlib": {:hex, :cowlib, "2.12.1", "a9fa9a625f1d2025fe6b462cb865881571d36e43a4c3d3f6c6f0b8e9e90e2368", [:make, :rebar3], [], "hexpm", "163b73f6367a7341b33c794c4e88e7dbfe6498ac42dcd69227e7d3d9c86e36dd"},
  "jason": {:hex, :jason, "1.4.1", "af1504e35f2c32f0653c4879bfced6a0da9ce4e4d4af4e6d31950c29e6c42f83", [:mix], [{:decimal, "~> 1.0 or ~> 2.0", [hex: :decimal, repo: "hexpm", optional: true]}], "hexpm", "fbb01ecdfd565b56261302f7e1fcc27c4fb8f32d56eab74db621fc154604a7a1"},
  "mime": {:hex, :mime, "2.0.5", "dc34c8efd439abe6ae0343edbb8556f4d63f178594894720607772a041b04b02", [:mix], [], "hexpm", "da0d64a365c45bc9935cc5c8a7fc5e49a0e0752f93af9dccf5c6b0eb87aead9f"},
  "plug": {:hex, :plug, "1.15.3", "2a284de0e6e4b0cd0fefc9ca2dfbea81e3434c2f9ab7cf48dfa8e4a6d59ddcff", [:mix], [{:mime, "~> 1.0 or ~> 2.0", [hex: :mime, repo: "hexpm", optional: false]}, {:plug_crypto, "~> 1.1.1 or ~> 1.2 or ~> 2.0", [hex: :plug_crypto, repo: "hexpm", optional: false]}, {:telemetry, "~> 0.4.3 or ~> 1.0", [hex: :telemetry, repo: "hexpm", optional: false]}], "hexpm", "b4e6a436d0f81e6a37f2c96b27e431e4a94b1c0c69bfed40b90f3f89eaa9eb2c"},
  "plug_cowboy": {:hex, :plug_cowboy, "2.6.1", "9a3bbfceeb65eff5f39dab529f3568a50903296e4d5545f5d91c1c29f08c2b21", [:mix], [{:cowboy, "~> 2.7", [hex: :cowboy, repo: "hexpm", optional: false]}, {:cowboy_telemetry, "~> 0.3 or ~> 0.4", [hex: :cowboy_telemetry, repo: "hexpm", optional: false]}, {:plug, "~> 1.14", [hex: :plug, repo: "hexpm", optional: false]}], "hexpm", "de36e1a21f451a18b790f37765db198075c25875c64834f8e3c99b09c8c72159"},
  "plug_crypto": {:hex, :plug_crypto, "2.0.0", "77f8f5e65ec9f38da0b0f28e5ea2bd5f6bf6bca3a9cbb88847bc5658ce395f65", [:mix], [], "hexpm", "53695bae57cc4e54566d0633eb5b7b15a7e7f7e42a6aa3aa2d25a46a8cdff820"},
  "ranch": {:hex, :ranch, "1.8.0", "8c7a100a139fd57f17327b6413e4167ac559fbc04ca7448e9be9057311597a1d", [:make, :rebar3], [], "hexpm", "49fbcfd3682fab1f5d109351b61257676da1a2fdbe295904176d5e521a2ddfe5"},
  "telemetry": {:hex, :telemetry, "1.2.1", "68fdfe8d8f05a8428483a97d7aab2f268ebb47c0dd6d768182ec8d5fd74c1f6e", [:rebar3], [], "hexpm", "dad9ce9d8effc621708f99eac2c8e2e0c5e219c6e98797f72e32346ed379ecd5"},
}
